
Microsoft Visual Studio Solution File, Format Version 12.00
# Visual Studio Version 17
VisualStudioVersion = 17.8.34316.72
MinimumVisualStudioVersion = 10.0.40219.1
Project("{FAE04EC0-301F-11D3-BF4B-00C04F79EFBC}") = "CleanArchitectureLesson1.API", "CleanArchitectureLesson1\CleanArchitectureLesson1.API.csproj", "{3F0B2B11-FBF2-4B8F-BDEB-35FD4714A3C5}"
EndProject
Project("{FAE04EC0-301F-11D3-BF4B-00C04F79EFBC}") = "CleanArchitectureLesson1.Core", "CleanArchitectureLesson1.Core\CleanArchitectureLesson1.Core.csproj", "{5AB5F7A9-0EC1-47D1-A581-3EE63538D302}"
EndProject
Project("{FAE04EC0-301F-11D3-BF4B-00C04F79EFBC}") = "CleanArchitectureLesson1.Persistence", "CleanArchitectureLesson1.Persistence\CleanArchitectureLesson1.Persistence.csproj", "{3CC50498-D78E-4927-89EA-59D9B8AE4052}"
EndProject
Global
	GlobalSection(SolutionConfigurationPlatforms) = preSolution
		Debug|Any CPU = Debug|Any CPU
		Release|Any CPU = Release|Any CPU
	EndGlobalSection
	GlobalSection(ProjectConfigurationPlatforms) = postSolution
		{3F0B2B11-FBF2-4B8F-BDEB-35FD4714A3C5}.Debug|Any CPU.ActiveCfg = Debug|Any CPU
		{3F0B2B11-FBF2-4B8F-BDEB-35FD4714A3C5}.Debug|Any CPU.Build.0 = Debug|Any CPU
		{3F0B2B11-FBF2-4B8F-BDEB-35FD4714A3C5}.Release|Any CPU.ActiveCfg = Release|Any CPU
		{3F0B2B11-FBF2-4B8F-BDEB-35FD4714A3C5}.Release|Any CPU.Build.0 = Release|Any CPU
		{5AB5F7A9-0EC1-47D1-A581-3EE63538D302}.Debug|Any CPU.ActiveCfg = Debug|Any CPU
		{5AB5F7A9-0EC1-47D1-A581-3EE63538D302}.Debug|Any CPU.Build.0 = Debug|Any CPU
		{5AB5F7A9-0EC1-47D1-A581-3EE63538D302}.Release|Any CPU.ActiveCfg = Release|Any CPU
		{5AB5F7A9-0EC1-47D1-A581-3EE63538D302}.Release|Any CPU.Build.0 = Release|Any CPU
		{3CC50498-D78E-4927-89EA-59D9B8AE4052}.Debug|Any CPU.ActiveCfg = Debug|Any CPU
		{3CC50498-D78E-4927-89EA-59D9B8AE4052}.Debug|Any CPU.Build.0 = Debug|Any CPU
		{3CC50498-D78E-4927-89EA-59D9B8AE4052}.Release|Any CPU.ActiveCfg = Release|Any CPU
		{3CC50498-D78E-4927-89EA-59D9B8AE4052}.Release|Any CPU.Build.0 = Release|Any CPU
	EndGlobalSection
	GlobalSection(SolutionProperties) = preSolution
		HideSolutionNode = FALSE
	EndGlobalSection
	GlobalSection(ExtensibilityGlobals) = postSolution
		SolutionGuid = {13C5A3A9-3BB6-4237-AC1F-6DCF7D8ABB2E}
	EndGlobalSection
EndGlobal
